
Microsoft Visual Studio Solution File, Format Version 12.00
# Visual Studio Version 17
VisualStudioVersion = 17.10.35027.167
MinimumVisualStudioVersion = 10.0.40219.1
Project("{FAE04EC0-301F-11D3-BF4B-00C04F79EFBC}") = "Admission_Form", "Admission_Form\Admission_Form.csproj", "{B6662C2C-BD14-46CF-92EE-EB872829D5E9}"
EndProject
Global
	GlobalSection(SolutionConfigurationPlatforms) = preSolution
		Debug|Any CPU = Debug|Any CPU
		Release|Any CPU = Release|Any CPU
	EndGlobalSection
	GlobalSection(ProjectConfigurationPlatforms) = postSolution
		{B6662C2C-BD14-46CF-92EE-EB872829D5E9}.Debug|Any CPU.ActiveCfg = Release|Any CPU
		{B6662C2C-BD14-46CF-92EE-EB872829D5E9}.Debug|Any CPU.Build.0 = Release|Any CPU
		{B6662C2C-BD14-46CF-92EE-EB872829D5E9}.Release|Any CPU.ActiveCfg = Release|Any CPU
		{B6662C2C-BD14-46CF-92EE-EB872829D5E9}.Release|Any CPU.Build.0 = Release|Any CPU
	EndGlobalSection
	GlobalSection(SolutionProperties) = preSolution
		HideSolutionNode = FALSE
	EndGlobalSection
	GlobalSection(ExtensibilityGlobals) = postSolution
		SolutionGuid = {EC72A660-B48D-4641-A5DC-D1744FEB45BC}
	EndGlobalSection
EndGlobal
